// !$*UTF8*$!
{
	archiveVersion = 1;
	classes = {
	};
	objectVersion = 50;
	objects = {

/* Begin PBXBuildFile section */
		389FF11623D9734900261EA4 /* AppDelegate.m in Sources */ = {isa = PBXBuildFile; fileRef = 389FF11523D9734900261EA4 /* AppDelegate.m */; };
		389FF11923D9734900261EA4 /* ViewController.m in Sources */ = {isa = PBXBuildFile; fileRef = 389FF11823D9734900261EA4 /* ViewController.m */; };
		389FF11C23D9734900261EA4 /* Main.storyboard in Resources */ = {isa = PBXBuildFile; fileRef = 389FF11A23D9734900261EA4 /* Main.storyboard */; };
		389FF11E23D9734A00261EA4 /* Assets.xcassets in Resources */ = {isa = PBXBuildFile; fileRef = 389FF11D23D9734A00261EA4 /* Assets.xcassets */; };
		389FF12123D9734A00261EA4 /* LaunchScreen.storyboard in Resources */ = {isa = PBXBuildFile; fileRef = 389FF11F23D9734A00261EA4 /* LaunchScreen.storyboard */; };
		389FF12423D9734A00261EA4 /* main.m in Sources */ = {isa = PBXBuildFile; fileRef = 389FF12323D9734A00261EA4 /* main.m */; };
		389FF12E23D9734A00261EA4 /* test01Tests.m in Sources */ = {isa = PBXBuildFile; fileRef = 389FF12D23D9734A00261EA4 /* test01Tests.m */; };
		389FF13923D9734A00261EA4 /* test01UITests.m in Sources */ = {isa = PBXBuildFile; fileRef = 389FF13823D9734A00261EA4 /* test01UITests.m */; };
/* End PBXBuildFile section */

/* Begin PBXContainerItemProxy section */
		389FF12A23D9734A00261EA4 /* PBXContainerItemProxy */ = {
			isa = PBXContainerItemProxy;
			containerPortal = 389FF10923D9734900261EA4 /* Project object */;
			proxyType = 1;
			remoteGlobalIDString = 389FF11023D9734900261EA4;
			remoteInfo = test01;
		};
		389FF13523D9734A00261EA4 /* PBXContainerItemProxy */ = {
			isa = PBXContainerItemProxy;
			containerPortal = 389FF10923D9734900261EA4 /* Project object */;
			proxyType = 1;
			remoteGlobalIDString = 389FF11023D9734900261EA4;
			remoteInfo = test01;
		};
/* End PBXContainerItemProxy section */

/* Begin PBXFileReference section */
		389FF11123D9734900261EA4 /* test01.app */ = {isa = PBXFileReference; explicitFileType = wrapper.application; includeInIndex = 0; path = test01.app; sourceTree = BUILT_PRODUCTS_DIR; };
		389FF11423D9734900261EA4 /* AppDelegate.h */ = {isa = PBXFileReference; lastKnownFileType = sourcecode.c.h; path = AppDelegate.h; sourceTree = "<group>"; };
		389FF11523D9734900261EA4 /* AppDelegate.m */ = {isa = PBXFileReference; lastKnownFileType = sourcecode.c.objc; path = AppDelegate.m; sourceTree = "<group>"; };
		389FF11723D9734900261EA4 /* ViewController.h */ = {isa = PBXFileReference; lastKnownFileType = sourcecode.c.h; path = ViewController.h; sourceTree = "<group>"; };
		389FF11823D9734900261EA4 /* ViewController.m */ = {isa = PBXFileReference; lastKnownFileType = sourcecode.c.objc; path = ViewController.m; sourceTree = "<group>"; };
		389FF11B23D9734900261EA4 /* Base */ = {isa = PBXFileReference; lastKnownFileType = file.storyboard; name = Base; path = Base.lproj/Main.storyboard; sourceTree = "<group>"; };
		389FF11D23D9734A00261EA4 /* Assets.xcassets */ = {isa = PBXFileReference; lastKnownFileType = folder.assetcatalog; path = Assets.xcassets; sourceTree = "<group>"; };
		389FF12023D9734A00261EA4 /* Base */ = {isa = PBXFileReference; lastKnownFileType = file.storyboard; name = Base; path = Base.lproj/LaunchScreen.storyboard; sourceTree = "<group>"; };
		389FF12223D9734A00261EA4 /* Info.plist */ = {isa = PBXFileReference; lastKnownFileType = text.plist.xml; path = Info.plist; sourceTree = "<group>"; };
		389FF12323D9734A00261EA4 /* main.m */ = {isa = PBXFileReference; lastKnownFileType = sourcecode.c.objc; path = main.m; sourceTree = "<group>"; };
		389FF12923D9734A00261EA4 /* test01Tests.xctest */ = {isa = PBXFileReference; explicitFileType = wrapper.cfbundle; includeInIndex = 0; path = test01Tests.xctest; sourceTree = BUILT_PRODUCTS_DIR; };
		389FF12D23D9734A00261EA4 /* test01Tests.m */ = {isa = PBXFileReference; lastKnownFileType = sourcecode.c.objc; path = test01Tests.m; sourceTree = "<group>"; };
		389FF12F23D9734A00261EA4 /* Info.plist */ = {isa = PBXFileReference; lastKnownFileType = text.plist.xml; path = Info.plist; sourceTree = "<group>"; };
		389FF13423D9734A00261EA4 /* test01UITests.xctest */ = {isa = PBXFileReference; explicitFileType = wrapper.cfbundle; includeInIndex = 0; path = test01UITests.xctest; sourceTree = BUILT_PRODUCTS_DIR; };
		389FF13823D9734A00261EA4 /* test01UITests.m */ = {isa = PBXFileReference; lastKnownFileType = sourcecode.c.objc; path = test01UITests.m; sourceTree = "<group>"; };
		389FF13A23D9734A00261EA4 /* Info.plist */ = {isa = PBXFileReference; lastKnownFileType = text.plist.xml; path = Info.plist; sourceTree = "<group>"; };
/* End PBXFileReference section */

/* Begin PBXFrameworksBuildPhase section */
		389FF10E23D9734900261EA4 /* Frameworks */ = {
			isa = PBXFrameworksBuildPhase;
			buildActionMask = 2147483647;
			files = (
			);
			runOnlyForDeploymentPostprocessing = 0;
		};
		389FF12623D9734A00261EA4 /* Frameworks */ = {
			isa = PBXFrameworksBuildPhase;
			buildActionMask = 2147483647;
			files = (
			);
			runOnlyForDeploymentPostprocessing = 0;
		};
		389FF13123D9734A00261EA4 /* Frameworks */ = {
			isa = PBXFrameworksBuildPhase;
			buildActionMask = 2147483647;
			files = (
			);
			runOnlyForDeploymentPostprocessing = 0;
		};
/* End PBXFrameworksBuildPhase section */

/* Begin PBXGroup section */
		389FF10823D9734900261EA4 = {
			isa = PBXGroup;
			children = (
				389FF11323D9734900261EA4 /* test01 */,
				389FF12C23D9734A00261EA4 /* test01Tests */,
				389FF13723D9734A00261EA4 /* test01UITests */,
				389FF11223D9734900261EA4 /* Products */,
			);
			sourceTree = "<group>";
		};
		389FF11223D9734900261EA4 /* Products */ = {
			isa = PBXGroup;
			children = (
				389FF11123D9734900261EA4 /* test01.app */,
				389FF12923D9734A00261EA4 /* test01Tests.xctest */,
				389FF13423D9734A00261EA4 /* test01UITests.xctest */,
			);
			name = Products;
			sourceTree = "<group>";
		};
		389FF11323D9734900261EA4 /* test01 */ = {
			isa = PBXGroup;
			children = (
				389FF11423D9734900261EA4 /* AppDelegate.h */,
				389FF11523D9734900261EA4 /* AppDelegate.m */,
				389FF11723D9734900261EA4 /* ViewController.h */,
				389FF11823D9734900261EA4 /* ViewController.m */,
				389FF11A23D9734900261EA4 /* Main.storyboard */,
				389FF11D23D9734A00261EA4 /* Assets.xcassets */,
				389FF11F23D9734A00261EA4 /* LaunchScreen.storyboard */,
				389FF12223D9734A00261EA4 /* Info.plist */,
				389FF12323D9734A00261EA4 /* main.m */,
			);
			path = test01;
			sourceTree = "<group>";
		};
		389FF12C23D9734A00261EA4 /* test01Tests */ = {
			isa = PBXGroup;
			children = (
				389FF12D23D9734A00261EA4 /* test01Tests.m */,
				389FF12F23D9734A00261EA4 /* Info.plist */,
			);
			path = test01Tests;
			sourceTree = "<group>";
		};
		389FF13723D9734A00261EA4 /* test01UITests */ = {
			isa = PBXGroup;
			children = (
				389FF13823D9734A00261EA4 /* test01UITests.m */,
				389FF13A23D9734A00261EA4 /* Info.plist */,
			);
			path = test01UITests;
			sourceTree = "<group>";
		};
/* End PBXGroup section */

/* Begin PBXNativeTarget section */
		389FF11023D9734900261EA4 /* test01 */ = {
			isa = PBXNativeTarget;
			buildConfigurationList = 389FF13D23D9734A00261EA4 /* Build configuration list for PBXNativeTarget "test01" */;
			buildPhases = (
				389FF10D23D9734900261EA4 /* Sources */,
				389FF10E23D9734900261EA4 /* Frameworks */,
				389FF10F23D9734900261EA4 /* Resources */,
			);
			buildRules = (
			);
			dependencies = (
			);
			name = test01;
			productName = test01;
			productReference = 389FF11123D9734900261EA4 /* test01.app */;
			productType = "com.apple.product-type.application";
		};
		389FF12823D9734A00261EA4 /* test01Tests */ = {
			isa = PBXNativeTarget;
			buildConfigurationList = 389FF14023D9734A00261EA4 /* Build configuration list for PBXNativeTarget "test01Tests" */;
			buildPhases = (
				389FF12523D9734A00261EA4 /* Sources */,
				389FF12623D9734A00261EA4 /* Frameworks */,
				389FF12723D9734A00261EA4 /* Resources */,
			);
			buildRules = (
			);
			dependencies = (
				389FF12B23D9734A00261EA4 /* PBXTargetDependency */,
			);
			name = test01Tests;
			productName = test01Tests;
			productReference = 389FF12923D9734A00261EA4 /* test01Tests.xctest */;
			productType = "com.apple.product-type.bundle.unit-test";
		};
		389FF13323D9734A00261EA4 /* test01UITests */ = {
			isa = PBXNativeTarget;
			buildConfigurationList = 389FF14323D9734A00261EA4 /* Build configuration list for PBXNativeTarget "test01UITests" */;
			buildPhases = (
				389FF13023D9734A00261EA4 /* Sources */,
				389FF13123D9734A00261EA4 /* Frameworks */,
				389FF13223D9734A00261EA4 /* Resources */,
			);
			buildRules = (
			);
			dependencies = (
				389FF13623D9734A00261EA4 /* PBXTargetDependency */,
			);
			name = test01UITests;
			productName = test01UITests;
			productReference = 389FF13423D9734A00261EA4 /* test01UITests.xctest */;
			productType = "com.apple.product-type.bundle.ui-testing";
		};
/* End PBXNativeTarget section */

/* Begin PBXProject section */
		389FF10923D9734900261EA4 /* Project object */ = {
			isa = PBXProject;
			attributes = {
				LastUpgradeCheck = 1030;
				ORGANIZATIONNAME = bamboo;
				TargetAttributes = {
					389FF11023D9734900261EA4 = {
						CreatedOnToolsVersion = 10.3;
					};
					389FF12823D9734A00261EA4 = {
						CreatedOnToolsVersion = 10.3;
						TestTargetID = 389FF11023D9734900261EA4;
					};
					389FF13323D9734A00261EA4 = {
						CreatedOnToolsVersion = 10.3;
						TestTargetID = 389FF11023D9734900261EA4;
					};
				};
			};
			buildConfigurationList = 389FF10C23D9734900261EA4 /* Build configuration list for PBXProject "test01" */;
			compatibilityVersion = "Xcode 9.3";
			developmentRegion = en;
			hasScannedForEncodings = 0;
			knownRegions = (
				en,
				Base,
			);
			mainGroup = 389FF10823D9734900261EA4;
			productRefGroup = 389FF11223D9734900261EA4 /* Products */;
			projectDirPath = "";
			projectRoot = "";
			targets = (
				389FF11023D9734900261EA4 /* test01 */,
				389FF12823D9734A00261EA4 /* test01Tests */,
				389FF13323D9734A00261EA4 /* test01UITests */,
			);
		};
/* End PBXProject section */

/* Begin PBXResourcesBuildPhase section */
		389FF10F23D9734900261EA4 /* Resources */ = {
			isa = PBXResourcesBuildPhase;
			buildActionMask = 2147483647;
			files = (
				389FF12123D9734A00261EA4 /* LaunchScreen.storyboard in Resources */,
				389FF11E23D9734A00261EA4 /* Assets.xcassets in Resources */,
				389FF11C23D9734900261EA4 /* Main.storyboard in Resources */,
			);
			runOnlyForDeploymentPostprocessing = 0;
		};
		389FF12723D9734A00261EA4 /* Resources */ = {
			isa = PBXResourcesBuildPhase;
			buildActionMask = 2147483647;
			files = (
			);
			runOnlyForDeploymentPostprocessing = 0;
		};
		389FF13223D9734A00261EA4 /* Resources */ = {
			isa = PBXResourcesBuildPhase;
			buildActionMask = 2147483647;
			files = (
			);
			runOnlyForDeploymentPostprocessing = 0;
		};
/* End PBXResourcesBuildPhase section */

/* Begin PBXSourcesBuildPhase section */
		389FF10D23D9734900261EA4 /* Sources */ = {
			isa = PBXSourcesBuildPhase;
			buildActionMask = 2147483647;
			files = (
				389FF11923D9734900261EA4 /* ViewController.m in Sources */,
				389FF12423D9734A00261EA4 /* main.m in Sources */,
				389FF11623D9734900261EA4 /* AppDelegate.m in Sources */,
			);
			runOnlyForDeploymentPostprocessing = 0;
		};
		389FF12523D9734A00261EA4 /* Sources */ = {
			isa = PBXSourcesBuildPhase;
			buildActionMask = 2147483647;
			files = (
				389FF12E23D9734A00261EA4 /* test01Tests.m in Sources */,
			);
			runOnlyForDeploymentPostprocessing = 0;
		};
		389FF13023D9734A00261EA4 /* Sources */ = {
			isa = PBXSourcesBuildPhase;
			buildActionMask = 2147483647;
			files = (
				389FF13923D9734A00261EA4 /* test01UITests.m in Sources */,
			);
			runOnlyForDeploymentPostprocessing = 0;
		};
/* End PBXSourcesBuildPhase section */

/* Begin PBXTargetDependency section */
		389FF12B23D9734A00261EA4 /* PBXTargetDependency */ = {
			isa = PBXTargetDependency;
			target = 389FF11023D9734900261EA4 /* test01 */;
			targetProxy = 389FF12A23D9734A00261EA4 /* PBXContainerItemProxy */;
		};
		389FF13623D9734A00261EA4 /* PBXTargetDependency */ = {
			isa = PBXTargetDependency;
			target = 389FF11023D9734900261EA4 /* test01 */;
			targetProxy = 389FF13523D9734A00261EA4 /* PBXContainerItemProxy */;
		};
/* End PBXTargetDependency section */

/* Begin PBXVariantGroup section */
		389FF11A23D9734900261EA4 /* Main.storyboard */ = {
			isa = PBXVariantGroup;
			children = (
				389FF11B23D9734900261EA4 /* Base */,
			);
			name = Main.storyboard;
			sourceTree = "<group>";
		};
		389FF11F23D9734A00261EA4 /* LaunchScreen.storyboard */ = {
			isa = PBXVariantGroup;
			children = (
				389FF12023D9734A00261EA4 /* Base */,
			);
			name = LaunchScreen.storyboard;
			sourceTree = "<group>";
		};
/* End PBXVariantGroup section */

/* Begin XCBuildConfiguration section */
		389FF13B23D9734A00261EA4 /* Debug */ = {
			isa = XCBuildConfiguration;
			buildSettings = {
				ALWAYS_SEARCH_USER_PATHS = NO;
				CLANG_ANALYZER_NONNULL = YES;
				CLANG_ANALYZER_NUMBER_OBJECT_CONVERSION = YES_AGGRESSIVE;
				CLANG_CXX_LANGUAGE_STANDARD = "gnu++14";
				CLANG_CXX_LIBRARY = "libc++";
				CLANG_ENABLE_MODULES = YES;
				CLANG_ENABLE_OBJC_ARC = YES;
				CLANG_ENABLE_OBJC_WEAK = YES;
				CLANG_WARN_BLOCK_CAPTURE_AUTORELEASING = YES;
				CLANG_WARN_BOOL_CONVERSION = YES;
				CLANG_WARN_COMMA = YES;
				CLANG_WARN_CONSTANT_CONVERSION = YES;
				CLANG_WARN_DEPRECATED_OBJC_IMPLEMENTATIONS = YES;
				CLANG_WARN_DIRECT_OBJC_ISA_USAGE = YES_ERROR;
				CLANG_WARN_DOCUMENTATION_COMMENTS = YES;
				CLANG_WARN_EMPTY_BODY = YES;
				CLANG_WARN_ENUM_CONVERSION = YES;
				CLANG_WARN_INFINITE_RECURSION = YES;
				CLANG_WARN_INT_CONVERSION = YES;
				CLANG_WARN_NON_LITERAL_NULL_CONVERSION = YES;
				CLANG_WARN_OBJC_IMPLICIT_RETAIN_SELF = YES;
				CLANG_WARN_OBJC_LITERAL_CONVERSION = YES;
				CLANG_WARN_OBJC_ROOT_CLASS = YES_ERROR;
				CLANG_WARN_RANGE_LOOP_ANALYSIS = YES;
				CLANG_WARN_STRICT_PROTOTYPES = YES;
				CLANG_WARN_SUSPICIOUS_MOVE = YES;
				CLANG_WARN_UNGUARDED_AVAILABILITY = YES_AGGRESSIVE;
				CLANG_WARN_UNREACHABLE_CODE = YES;
				CLANG_WARN__DUPLICATE_METHOD_MATCH = YES;
				CODE_SIGN_IDENTITY = "iPhone Developer";
				COPY_PHASE_STRIP = NO;
				DEBUG_INFORMATION_FORMAT = dwarf;
				ENABLE_STRICT_OBJC_MSGSEND = YES;
				ENABLE_TESTABILITY = YES;
				GCC_C_LANGUAGE_STANDARD = gnu11;
				GCC_DYNAMIC_NO_PIC = NO;
				GCC_NO_COMMON_BLOCKS = YES;
				GCC_OPTIMIZATION_LEVEL = 0;
				GCC_PREPROCESSOR_DEFINITIONS = (
					"DEBUG=1",
					"$(inherited)",
				);
				GCC_WARN_64_TO_32_BIT_CONVERSION = YES;
				GCC_WARN_ABOUT_RETURN_TYPE = YES_ERROR;
				GCC_WARN_UNDECLARED_SELECTOR = YES;
				GCC_WARN_UNINITIALIZED_AUTOS = YES_AGGRESSIVE;
				GCC_WARN_UNUSED_FUNCTION = YES;
				GCC_WARN_UNUSED_VARIABLE = YES;
				IPHONEOS_DEPLOYMENT_TARGET = 12.4;
				MTL_ENABLE_DEBUG_INFO = INCLUDE_SOURCE;
				MTL_FAST_MATH = YES;
				ONLY_ACTIVE_ARCH = YES;
				SDKROOT = iphoneos;
			};
			name = Debug;
		};
		389FF13C23D9734A00261EA4 /* Release */ = {
			isa = XCBuildConfiguration;
			buildSettings = {
				ALWAYS_SEARCH_USER_PATHS = NO;
				CLANG_ANALYZER_NONNULL = YES;
				CLANG_ANALYZER_NUMBER_OBJECT_CONVERSION = YES_AGGRESSIVE;
				CLANG_CXX_LANGUAGE_STANDARD = "gnu++14";
				CLANG_CXX_LIBRARY = "libc++";
				CLANG_ENABLE_MODULES = YES;
				CLANG_ENABLE_OBJC_ARC = YES;
				CLANG_ENABLE_OBJC_WEAK = YES;
				CLANG_WARN_BLOCK_CAPTURE_AUTORELEASING = YES;
				CLANG_WARN_BOOL_CONVERSION = YES;
				CLANG_WARN_COMMA = YES;
				CLANG_WARN_CONSTANT_CONVERSION = YES;
				CLANG_WARN_DEPRECATED_OBJC_IMPLEMENTATIONS = YES;
				CLANG_WARN_DIRECT_OBJC_ISA_USAGE = YES_ERROR;
				CLANG_WARN_DOCUMENTATION_COMMENTS = YES;
				CLANG_WARN_EMPTY_BODY = YES;
				CLANG_WARN_ENUM_CONVERSION = YES;
				CLANG_WARN_INFINITE_RECURSION = YES;
				CLANG_WARN_INT_CONVERSION = YES;
				CLANG_WARN_NON_LITERAL_NULL_CONVERSION = YES;
				CLANG_WARN_OBJC_IMPLICIT_RETAIN_SELF = YES;
				CLANG_WARN_OBJC_LITERAL_CONVERSION = YES;
				CLANG_WARN_OBJC_ROOT_CLASS = YES_ERROR;
				CLANG_WARN_RANGE_LOOP_ANALYSIS = YES;
				CLANG_WARN_STRICT_PROTOTYPES = YES;
				CLANG_WARN_SUSPICIOUS_MOVE = YES;
				CLANG_WARN_UNGUARDED_AVAILABILITY = YES_AGGRESSIVE;
				CLANG_WARN_UNREACHABLE_CODE = YES;
				CLANG_WARN__DUPLICATE_METHOD_MATCH = YES;
				CODE_SIGN_IDENTITY = "iPhone Developer";
				COPY_PHASE_STRIP = NO;
				DEBUG_INFORMATION_FORMAT = "dwarf-with-dsym";
				ENABLE_NS_ASSERTIONS = NO;
				ENABLE_STRICT_OBJC_MSGSEND = YES;
				GCC_C_LANGUAGE_STANDARD = gnu11;
				GCC_NO_COMMON_BLOCKS = YES;
				GCC_WARN_64_TO_32_BIT_CONVERSION = YES;
				GCC_WARN_ABOUT_RETURN_TYPE = YES_ERROR;
				GCC_WARN_UNDECLARED_SELECTOR = YES;
				GCC_WARN_UNINITIALIZED_AUTOS = YES_AGGRESSIVE;
				GCC_WARN_UNUSED_FUNCTION = YES;
				GCC_WARN_UNUSED_VARIABLE = YES;
				IPHONEOS_DEPLOYMENT_TARGET = 12.4;
				MTL_ENABLE_DEBUG_INFO = NO;
				MTL_FAST_MATH = YES;
				SDKROOT = iphoneos;
				VALIDATE_PRODUCT = YES;
			};
			name = Release;
		};
		389FF13E23D9734A00261EA4 /* Debug */ = {
			isa = XCBuildConfiguration;
			buildSettings = {
				ASSETCATALOG_COMPILER_APPICON_NAME = AppIcon;
				CODE_SIGN_STYLE = Automatic;
				DEVELOPMENT_TEAM = FWERCRJ993;
				INFOPLIST_FILE = test01/Info.plist;
				LD_RUNPATH_SEARCH_PATHS = (
					"$(inherited)",
					"@executable_path/Frameworks",
				);
				PRODUCT_BUNDLE_IDENTIFIER = com.bamboo.test01;
				PRODUCT_NAME = "$(TARGET_NAME)";
				TARGETED_DEVICE_FAMILY = "1,2";
			};
			name = Debug;
		};
		389FF13F23D9734A00261EA4 /* Release */ = {
			isa = XCBuildConfiguration;
			buildSettings = {
				ASSETCATALOG_COMPILER_APPICON_NAME = AppIcon;
				CODE_SIGN_STYLE = Automatic;
				DEVELOPMENT_TEAM = FWERCRJ993;
				INFOPLIST_FILE = test01/Info.plist;
				LD_RUNPATH_SEARCH_PATHS = (
					"$(inherited)",
					"@executable_path/Frameworks",
				);
				PRODUCT_BUNDLE_IDENTIFIER = com.bamboo.test01;
				PRODUCT_NAME = "$(TARGET_NAME)";
				TARGETED_DEVICE_FAMILY = "1,2";
			};
			name = Release;
		};
		389FF14123D9734A00261EA4 /* Debug */ = {
			isa = XCBuildConfiguration;
			buildSettings = {
				BUNDLE_LOADER = "$(TEST_HOST)";
				CODE_SIGN_STYLE = Automatic;
				DEVELOPMENT_TEAM = FWERCRJ993;
				INFOPLIST_FILE = test01Tests/Info.plist;
				LD_RUNPATH_SEARCH_PATHS = (
					"$(inherited)",
					"@executable_path/Frameworks",
					"@loader_path/Frameworks",
				);
				PRODUCT_BUNDLE_IDENTIFIER = com.bamboo.test01Tests;
				PRODUCT_NAME = "$(TARGET_NAME)";
				TARGETED_DEVICE_FAMILY = "1,2";
				TEST_HOST = "$(BUILT_PRODUCTS_DIR)/test01.app/test01";
			};
			name = Debug;
		};
		389FF14223D9734A00261EA4 /* Release */ = {
			isa = XCBuildConfiguration;
			buildSettings = {
				BUNDLE_LOADER = "$(TEST_HOST)";
				CODE_SIGN_STYLE = Automatic;
				DEVELOPMENT_TEAM = FWERCRJ993;
				INFOPLIST_FILE = test01Tests/Info.plist;
				LD_RUNPATH_SEARCH_PATHS = (
					"$(inherited)",
					"@executable_path/Frameworks",
					"@loader_path/Frameworks",
				);
				PRODUCT_BUNDLE_IDENTIFIER = com.bamboo.test01Tests;
				PRODUCT_NAME = "$(TARGET_NAME)";
				TARGETED_DEVICE_FAMILY = "1,2";
				TEST_HOST = "$(BUILT_PRODUCTS_DIR)/test01.app/test01";
			};
			name = Release;
		};
		389FF14423D9734A00261EA4 /* Debug */ = {
			isa = XCBuildConfiguration;
			buildSettings = {
				CODE_SIGN_STYLE = Automatic;
				DEVELOPMENT_TEAM = FWERCRJ993;
				INFOPLIST_FILE = test01UITests/Info.plist;
				LD_RUNPATH_SEARCH_PATHS = (
					"$(inherited)",
					"@executable_path/Frameworks",
					"@loader_path/Frameworks",
				);
				PRODUCT_BUNDLE_IDENTIFIER = com.bamboo.test01UITests;
				PRODUCT_NAME = "$(TARGET_NAME)";
				TARGETED_DEVICE_FAMILY = "1,2";
				TEST_TARGET_NAME = test01;
			};
			name = Debug;
		};
		389FF14523D9734A00261EA4 /* Release */ = {
			isa = XCBuildConfiguration;
			buildSettings = {
				CODE_SIGN_STYLE = Automatic;
				DEVELOPMENT_TEAM = FWERCRJ993;
				INFOPLIST_FILE = test01UITests/Info.plist;
				LD_RUNPATH_SEARCH_PATHS = (
					"$(inherited)",
					"@executable_path/Frameworks",
					"@loader_path/Frameworks",
				);
				PRODUCT_BUNDLE_IDENTIFIER = com.bamboo.test01UITests;
				PRODUCT_NAME = "$(TARGET_NAME)";
				TARGETED_DEVICE_FAMILY = "1,2";
				TEST_TARGET_NAME = test01;
			};
			name = Release;
		};
/* End XCBuildConfiguration section */

/* Begin XCConfigurationList section */
		389FF10C23D9734900261EA4 /* Build configuration list for PBXProject "test01" */ = {
			isa = XCConfigurationList;
			buildConfigurations = (
				389FF13B23D9734A00261EA4 /* Debug */,
				389FF13C23D9734A00261EA4 /* Release */,
			);
			defaultConfigurationIsVisible = 0;
			defaultConfigurationName = Release;
		};
		389FF13D23D9734A00261EA4 /* Build configuration list for PBXNativeTarget "test01" */ = {
			isa = XCConfigurationList;
			buildConfigurations = (
				389FF13E23D9734A00261EA4 /* Debug */,
				389FF13F23D9734A00261EA4 /* Release */,
			);
			defaultConfigurationIsVisible = 0;
			defaultConfigurationName = Release;
		};
		389FF14023D9734A00261EA4 /* Build configuration list for PBXNativeTarget "test01Tests" */ = {
			isa = XCConfigurationList;
			buildConfigurations = (
				389FF14123D9734A00261EA4 /* Debug */,
				389FF14223D9734A00261EA4 /* Release */,
			);
			defaultConfigurationIsVisible = 0;
			defaultConfigurationName = Release;
		};
		389FF14323D9734A00261EA4 /* Build configuration list for PBXNativeTarget "test01UITests" */ = {
			isa = XCConfigurationList;
			buildConfigurations = (
				389FF14423D9734A00261EA4 /* Debug */,
				389FF14523D9734A00261EA4 /* Release */,
			);
			defaultConfigurationIsVisible = 0;
			defaultConfigurationName = Release;
		};
/* End XCConfigurationList section */
	};
	rootObject = 389FF10923D9734900261EA4 /* Project object */;
}
